<?xml version="1.0" encoding="utf-8"?>
<Project ToolsVersion="4.0" xmlns="http://schemas.microsoft.com/developer/msbuild/2003">
  <ItemGroup>
    <ClCompile Include="Src\Collision.cpp" />
    <ClCompile Include="Src\GameStateMgr.cpp" />
    <ClCompile Include="Src\GameState_Asteroids.cpp" />
    <ClCompile Include="Src\Main.cpp" />
  </ItemGroup>
  <ItemGroup>
    <ClInclude Include="Include\Collision.h">
      <Filter>Header Files</Filter>
    </ClInclude>
    <ClInclude Include="Include\GameStateList.h">
      <Filter>Header Files</Filter>
    </ClInclude>
    <ClInclude Include="Include\GameStateMgr.h">
      <Filter>Header Files</Filter>
    </ClInclude>
    <ClInclude Include="Include\Main.h">
      <Filter>Header Files</Filter>
    </ClInclude>
    <ClInclude Include="Include\GameState_Asteroids.h">
      <Filter>Header Files</Filter>
    </ClInclude>
  </ItemGroup>
  <ItemGroup>
    <Filter Include="Header Files">
      <UniqueIdentifier>{bcee52c2-b305-4397-abb9-9971e8d4d376}</UniqueIdentifier>
    </Filter>
  </ItemGroup>
</Project>